
Microsoft Visual Studio Solution File, Format Version 12.00
# Visual Studio Version 17
VisualStudioVersion = 17.5.33516.290
MinimumVisualStudioVersion = 10.0.40219.1
Project("{9A19103F-16F7-4668-BE54-9A1E7A4F7556}") = "Common", "Common\Common.csproj", "{E4D903F3-9D8C-45CF-ABC9-B41CE891A27A}"
EndProject
Project("{FAE04EC0-301F-11D3-BF4B-00C04F79EFBC}") = "PrepareVideos", "PrepareVideos\PrepareVideos.csproj", "{DA645E94-6EB8-474B-908C-5B46A3CC4905}"
EndProject
Project("{FAE04EC0-301F-11D3-BF4B-00C04F79EFBC}") = "Downloader", "Downloader\Downloader.csproj", "{FF3AD260-00F2-4D3A-B34E-1F4E28B1BA13}"
EndProject
Project("{FAE04EC0-301F-11D3-BF4B-00C04F79EFBC}") = "Trimmer", "Trimmer\Trimmer.csproj", "{05713898-6313-47E5-A2C8-CDBC5F6AF74A}"
EndProject
Global
	GlobalSection(SolutionConfigurationPlatforms) = preSolution
		Debug|Any CPU = Debug|Any CPU
		Release|Any CPU = Release|Any CPU
	EndGlobalSection
	GlobalSection(ProjectConfigurationPlatforms) = postSolution
		{E4D903F3-9D8C-45CF-ABC9-B41CE891A27A}.Debug|Any CPU.ActiveCfg = Debug|Any CPU
		{E4D903F3-9D8C-45CF-ABC9-B41CE891A27A}.Debug|Any CPU.Build.0 = Debug|Any CPU
		{E4D903F3-9D8C-45CF-ABC9-B41CE891A27A}.Release|Any CPU.ActiveCfg = Release|Any CPU
		{E4D903F3-9D8C-45CF-ABC9-B41CE891A27A}.Release|Any CPU.Build.0 = Release|Any CPU
		{DA645E94-6EB8-474B-908C-5B46A3CC4905}.Debug|Any CPU.ActiveCfg = Debug|Any CPU
		{DA645E94-6EB8-474B-908C-5B46A3CC4905}.Debug|Any CPU.Build.0 = Debug|Any CPU
		{DA645E94-6EB8-474B-908C-5B46A3CC4905}.Release|Any CPU.ActiveCfg = Release|Any CPU
		{DA645E94-6EB8-474B-908C-5B46A3CC4905}.Release|Any CPU.Build.0 = Release|Any CPU
		{FF3AD260-00F2-4D3A-B34E-1F4E28B1BA13}.Debug|Any CPU.ActiveCfg = Debug|Any CPU
		{FF3AD260-00F2-4D3A-B34E-1F4E28B1BA13}.Debug|Any CPU.Build.0 = Debug|Any CPU
		{FF3AD260-00F2-4D3A-B34E-1F4E28B1BA13}.Release|Any CPU.ActiveCfg = Release|Any CPU
		{FF3AD260-00F2-4D3A-B34E-1F4E28B1BA13}.Release|Any CPU.Build.0 = Release|Any CPU
		{05713898-6313-47E5-A2C8-CDBC5F6AF74A}.Debug|Any CPU.ActiveCfg = Debug|Any CPU
		{05713898-6313-47E5-A2C8-CDBC5F6AF74A}.Debug|Any CPU.Build.0 = Debug|Any CPU
		{05713898-6313-47E5-A2C8-CDBC5F6AF74A}.Release|Any CPU.ActiveCfg = Release|Any CPU
		{05713898-6313-47E5-A2C8-CDBC5F6AF74A}.Release|Any CPU.Build.0 = Release|Any CPU
	EndGlobalSection
	GlobalSection(SolutionProperties) = preSolution
		HideSolutionNode = FALSE
	EndGlobalSection
	GlobalSection(ExtensibilityGlobals) = postSolution
		SolutionGuid = {4323E8ED-EC39-4A86-ABF4-1516335BDFB1}
	EndGlobalSection
EndGlobal
